# This file is automatically @generated by Cargo.
# It is not intended for manual editing.
version = 3

[[package]]
name = "HOPA"
version = "0.1.2"
source = "registry+https://github.com/rust-lang/crates.io-index"
checksum = "20caa548c77bd2b36eb5f027a2fc2e4a91ff4b548b53ff88dd1cb9a1063f39d5"
dependencies = [
 "highlight_error",
]

[[package]]
name = "addr2line"
version = "0.21.0"
source = "registry+https://github.com/rust-lang/crates.io-index"
checksum = "8a30b2e23b9e17a9f90641c7ab1549cd9b44f296d3ccbf309d2863cfe398a0cb"
dependencies = [
 "gimli",
]

[[package]]
name = "adler"
version = "1.0.2"
source = "registry+https://github.com/rust-lang/crates.io-index"
checksum = "f26201604c87b1e01bd3d98f8d5d9a8fcbb815e8cedb41ffccbeb4bf593a35fe"

[[package]]
name = "atty"
version = "0.2.14"
source = "registry+https://github.com/rust-lang/crates.io-index"
checksum = "d9b39be18770d11421cdb1b9947a45dd3f37e93092cbf377614828a319d5fee8"
dependencies = [
 "hermit-abi",
 "libc",
 "winapi",
]

[[package]]
name = "autocfg"
version = "1.1.0"
source = "registry+https://github.com/rust-lang/crates.io-index"
checksum = "d468802bab17cbc0cc575e9b053f41e72aa36bfa6b7f55e3529ffa43161b97fa"

[[package]]
name = "backtrace"
version = "0.3.69"
source = "registry+https://github.com/rust-lang/crates.io-index"
checksum = "2089b7e3f35b9dd2d0ed921ead4f6d318c27680d4a5bd167b3ee120edb105837"
dependencies = [
 "addr2line",
 "cc",
 "cfg-if",
 "libc",
 "miniz_oxide",
 "object",
 "rustc-demangle",
]

[[package]]
name = "bitflags"
version = "1.3.2"
source = "registry+https://github.com/rust-lang/crates.io-index"
checksum = "bef38d45163c2f1dde094a7dfd33ccf595c92905c8f8f4fdc18d06fb1037718a"

[[package]]
name = "bumpalo"
version = "3.14.0"
source = "registry+https://github.com/rust-lang/crates.io-index"
checksum = "7f30e7476521f6f8af1a1c4c0b8cc94f0bee37d91763d0ca2665f299b6cd8aec"

[[package]]
name = "cc"
version = "1.0.83"
source = "registry+https://github.com/rust-lang/crates.io-index"
checksum = "f1174fb0b6ec23863f8b971027804a42614e347eafb0a95bf0b12cdae21fc4d0"
dependencies = [
 "libc",
]

[[package]]
name = "cfg-if"
version = "1.0.0"
source = "registry+https://github.com/rust-lang/crates.io-index"
checksum = "baf1de4339761588bc0619e3cbc0120ee582ebb74b53b4efbf79117bd2da40fd"

[[package]]
name = "clap"
version = "3.2.25"
source = "registry+https://github.com/rust-lang/crates.io-index"
checksum = "4ea181bf566f71cb9a5d17a59e1871af638180a18fb0035c92ae62b705207123"
dependencies = [
 "atty",
 "bitflags",
 "clap_derive",
 "clap_lex",
 "indexmap",
 "once_cell",
 "strsim",
 "termcolor",
 "textwrap",
]

[[package]]
name = "clap_derive"
version = "3.2.25"
source = "registry+https://github.com/rust-lang/crates.io-index"
checksum = "ae6371b8bdc8b7d3959e9cf7b22d4435ef3e79e138688421ec654acf8c81b008"
dependencies = [
 "heck",
 "proc-macro-error",
 "proc-macro2",
 "quote",
 "syn 1.0.109",
]

[[package]]
name = "clap_lex"
version = "0.2.4"
source = "registry+https://github.com/rust-lang/crates.io-index"
checksum = "2850f2f5a82cbf437dd5af4d49848fbdfc27c157c3d010345776f952765261c5"
dependencies = [
 "os_str_bytes",
]

[[package]]
name = "core-foundation-sys"
version = "0.8.4"
source = "registry+https://github.com/rust-lang/crates.io-index"
checksum = "e496a50fda8aacccc86d7529e2c1e0892dbd0f898a6b5645b5561b89c3210efa"

[[package]]
name = "crossbeam"
version = "0.8.2"
source = "registry+https://github.com/rust-lang/crates.io-index"
checksum = "2801af0d36612ae591caa9568261fddce32ce6e08a7275ea334a06a4ad021a2c"
dependencies = [
 "cfg-if",
 "crossbeam-channel",
 "crossbeam-deque",
 "crossbeam-epoch",
 "crossbeam-queue",
 "crossbeam-utils",
]

[[package]]
name = "crossbeam-channel"
version = "0.5.8"
source = "registry+https://github.com/rust-lang/crates.io-index"
checksum = "a33c2bf77f2df06183c3aa30d1e96c0695a313d4f9c453cc3762a6db39f99200"
dependencies = [
 "cfg-if",
 "crossbeam-utils",
]

[[package]]
name = "crossbeam-deque"
version = "0.8.3"
source = "registry+https://github.com/rust-lang/crates.io-index"
checksum = "ce6fd6f855243022dcecf8702fef0c297d4338e226845fe067f6341ad9fa0cef"
dependencies = [
 "cfg-if",
 "crossbeam-epoch",
 "crossbeam-utils",
]

[[package]]
name = "crossbeam-epoch"
version = "0.9.15"
source = "registry+https://github.com/rust-lang/crates.io-index"
checksum = "ae211234986c545741a7dc064309f67ee1e5ad243d0e48335adc0484d960bcc7"
dependencies = [
 "autocfg",
 "cfg-if",
 "crossbeam-utils",
 "memoffset",
 "scopeguard",
]

[[package]]
name = "crossbeam-queue"
version = "0.3.8"
source = "registry+https://github.com/rust-lang/crates.io-index"
checksum = "d1cfb3ea8a53f37c40dea2c7bedcbd88bdfae54f5e2175d6ecaff1c988353add"
dependencies = [
 "cfg-if",
 "crossbeam-utils",
]

[[package]]
name = "crossbeam-utils"
version = "0.8.16"
source = "registry+https://github.com/rust-lang/crates.io-index"
checksum = "5a22b2d63d4d1dc0b7f1b6b2747dd0088008a9be28b6ddf0b1e7d335e3037294"
dependencies = [
 "cfg-if",
]

[[package]]
name = "either"
version = "1.9.0"
source = "registry+https://github.com/rust-lang/crates.io-index"
checksum = "a26ae43d7bcc3b814de94796a5e736d4029efb0ee900c12e2d54c993ad1a1e07"

[[package]]
name = "gimli"
version = "0.28.0"
source = "registry+https://github.com/rust-lang/crates.io-index"
checksum = "6fb8d784f27acf97159b40fc4db5ecd8aa23b9ad5ef69cdd136d3bc80665f0c0"

[[package]]
name = "hashbrown"
version = "0.12.3"
source = "registry+https://github.com/rust-lang/crates.io-index"
checksum = "8a9ee70c43aaf417c914396645a0fa852624801b24ebb7ae78fe8272889ac888"

[[package]]
name = "heck"
version = "0.4.1"
source = "registry+https://github.com/rust-lang/crates.io-index"
checksum = "95505c38b4572b2d910cecb0281560f54b440a19336cbbcb27bf6ce6adc6f5a8"

[[package]]
name = "hermit-abi"
version = "0.1.19"
source = "registry+https://github.com/rust-lang/crates.io-index"
checksum = "62b467343b94ba476dcb2500d242dadbb39557df889310ac77c5d99100aaac33"
dependencies = [
 "libc",
]

[[package]]
name = "highlight_error"
version = "0.1.1"
source = "registry+https://github.com/rust-lang/crates.io-index"
checksum = "809e18805660d7b6b2e2b9f316a5099521b5998d5cba4dda11b5157a21aaef03"

[[package]]
name = "hvm"
version = "1.0.9"
source = "registry+https://github.com/rust-lang/crates.io-index"
checksum = "6806a4a76ff59c8d1e3aa0a6395297eb6f8342c541b02eff71903c698a28195b"
dependencies = [
 "HOPA",
 "backtrace",
 "clap",
 "crossbeam",
 "highlight_error",
 "instant",
 "itertools",
 "sysinfo",
]

[[package]]
name = "indexmap"
version = "1.9.3"
source = "registry+https://github.com/rust-lang/crates.io-index"
checksum = "bd070e393353796e801d209ad339e89596eb4c8d430d18ede6a1cced8fafbd99"
dependencies = [
 "autocfg",
 "hashbrown",
]

[[package]]
name = "instant"
version = "0.1.12"
source = "registry+https://github.com/rust-lang/crates.io-index"
checksum = "7a5bbe824c507c5da5956355e86a746d82e0e1464f65d862cc5e71da70e94b2c"
dependencies = [
 "cfg-if",
 "js-sys",
 "wasm-bindgen",
 "web-sys",
]

[[package]]
name = "itertools"
version = "0.10.5"
source = "registry+https://github.com/rust-lang/crates.io-index"
checksum = "b0fd2260e829bddf4cb6ea802289de2f86d6a7a690192fbe91b3f46e0f2c8473"
dependencies = [
 "either",
]

[[package]]
name = "js-sys"
version = "0.3.64"
source = "registry+https://github.com/rust-lang/crates.io-index"
checksum = "c5f195fe497f702db0f318b07fdd68edb16955aed830df8363d837542f8f935a"
dependencies = [
 "wasm-bindgen",
]

[[package]]
name = "libc"
version = "0.2.148"
source = "registry+https://github.com/rust-lang/crates.io-index"
checksum = "9cdc71e17332e86d2e1d38c1f99edcb6288ee11b815fb1a4b049eaa2114d369b"

[[package]]
name = "log"
version = "0.4.20"
source = "registry+https://github.com/rust-lang/crates.io-index"
checksum = "b5e6163cb8c49088c2c36f57875e58ccd8c87c7427f7fbd50ea6710b2f3f2e8f"

[[package]]
name = "memchr"
version = "2.6.3"
source = "registry+https://github.com/rust-lang/crates.io-index"
checksum = "8f232d6ef707e1956a43342693d2a31e72989554d58299d7a88738cc95b0d35c"

[[package]]
name = "memoffset"
version = "0.9.0"
source = "registry+https://github.com/rust-lang/crates.io-index"
checksum = "5a634b1c61a95585bd15607c6ab0c4e5b226e695ff2800ba0cdccddf208c406c"
dependencies = [
 "autocfg",
]

[[package]]
name = "micromap"
version = "0.0.14"
source = "registry+https://github.com/rust-lang/crates.io-index"
checksum = "a4d9c5535a41e2d6cd08160f3138351791fe2a6592d2fb51d199724b24187d5b"

[[package]]
name = "miniz_oxide"
version = "0.7.1"
source = "registry+https://github.com/rust-lang/crates.io-index"
checksum = "e7810e0be55b428ada41041c41f32c9f1a42817901b4ccf45fa3d4b6561e74c7"
dependencies = [
 "adler",
]

[[package]]
name = "ntapi"
version = "0.4.1"
source = "registry+https://github.com/rust-lang/crates.io-index"
checksum = "e8a3895c6391c39d7fe7ebc444a87eb2991b2a0bc718fdabd071eec617fc68e4"
dependencies = [
 "winapi",
]

[[package]]
name = "object"
version = "0.32.1"
source = "registry+https://github.com/rust-lang/crates.io-index"
checksum = "9cf5f9dd3933bd50a9e1f149ec995f39ae2c496d31fd772c1fd45ebc27e902b0"
dependencies = [
 "memchr",
]

[[package]]
name = "once_cell"
version = "1.18.0"
source = "registry+https://github.com/rust-lang/crates.io-index"
checksum = "dd8b5dd2ae5ed71462c540258bedcb51965123ad7e7ccf4b9a8cafaa4a63576d"

[[package]]
name = "os_str_bytes"
version = "6.5.1"
source = "registry+https://github.com/rust-lang/crates.io-index"
checksum = "4d5d9eb14b174ee9aa2ef96dc2b94637a2d4b6e7cb873c7e171f0c20c6cf3eac"

[[package]]
name = "proc-macro-error"
version = "1.0.4"
source = "registry+https://github.com/rust-lang/crates.io-index"
checksum = "da25490ff9892aab3fcf7c36f08cfb902dd3e71ca0f9f9517bea02a73a5ce38c"
dependencies = [
 "proc-macro-error-attr",
 "proc-macro2",
 "quote",
 "syn 1.0.109",
 "version_check",
]

[[package]]
name = "proc-macro-error-attr"
version = "1.0.4"
source = "registry+https://github.com/rust-lang/crates.io-index"
checksum = "a1be40180e52ecc98ad80b184934baf3d0d29f979574e439af5a55274b35f869"
dependencies = [
 "proc-macro2",
 "quote",
 "version_check",
]

[[package]]
name = "proc-macro2"
version = "1.0.67"
source = "registry+https://github.com/rust-lang/crates.io-index"
checksum = "3d433d9f1a3e8c1263d9456598b16fec66f4acc9a74dacffd35c7bb09b3a1328"
dependencies = [
 "unicode-ident",
]

[[package]]
name = "quote"
version = "1.0.33"
source = "registry+https://github.com/rust-lang/crates.io-index"
checksum = "5267fca4496028628a95160fc423a33e8b2e6af8a5302579e322e4b520293cae"
dependencies = [
 "proc-macro2",
]

[[package]]
name = "rayon"
version = "1.8.0"
source = "registry+https://github.com/rust-lang/crates.io-index"
checksum = "9c27db03db7734835b3f53954b534c91069375ce6ccaa2e065441e07d9b6cdb1"
dependencies = [
 "either",
 "rayon-core",
]

[[package]]
name = "rayon-core"
version = "1.12.0"
source = "registry+https://github.com/rust-lang/crates.io-index"
checksum = "5ce3fb6ad83f861aac485e76e1985cd109d9a3713802152be56c3b1f0e0658ed"
dependencies = [
 "crossbeam-deque",
 "crossbeam-utils",
]

[[package]]
name = "rinha"
version = "0.1.0"
dependencies = [
 "hvm",
 "micromap",
 "winnow",
]

[[package]]
name = "rustc-demangle"
version = "0.1.23"
source = "registry+https://github.com/rust-lang/crates.io-index"
checksum = "d626bb9dae77e28219937af045c257c28bfd3f69333c512553507f5f9798cb76"

[[package]]
name = "scopeguard"
version = "1.2.0"
source = "registry+https://github.com/rust-lang/crates.io-index"
checksum = "94143f37725109f92c262ed2cf5e59bce7498c01bcc1502d7b9afe439a4e9f49"

[[package]]
name = "strsim"
version = "0.10.0"
source = "registry+https://github.com/rust-lang/crates.io-index"
checksum = "73473c0e59e6d5812c5dfe2a064a6444949f089e20eec9a2e5506596494e4623"

[[package]]
name = "syn"
version = "1.0.109"
source = "registry+https://github.com/rust-lang/crates.io-index"
checksum = "72b64191b275b66ffe2469e8af2c1cfe3bafa67b529ead792a6d0160888b4237"
dependencies = [
 "proc-macro2",
 "quote",
 "unicode-ident",
]

[[package]]
name = "syn"
version = "2.0.37"
source = "registry+https://github.com/rust-lang/crates.io-index"
checksum = "7303ef2c05cd654186cb250d29049a24840ca25d2747c25c0381c8d9e2f582e8"
dependencies = [
 "proc-macro2",
 "quote",
 "unicode-ident",
]

[[package]]
name = "sysinfo"
version = "0.26.9"
source = "registry+https://github.com/rust-lang/crates.io-index"
checksum = "5c18a6156d1f27a9592ee18c1a846ca8dd5c258b7179fc193ae87c74ebb666f5"
dependencies = [
 "cfg-if",
 "core-foundation-sys",
 "libc",
 "ntapi",
 "once_cell",
 "rayon",
 "winapi",
]

[[package]]
name = "termcolor"
version = "1.3.0"
source = "registry+https://github.com/rust-lang/crates.io-index"
checksum = "6093bad37da69aab9d123a8091e4be0aa4a03e4d601ec641c327398315f62b64"
dependencies = [
 "winapi-util",
]

[[package]]
name = "textwrap"
version = "0.16.0"
source = "registry+https://github.com/rust-lang/crates.io-index"
checksum = "222a222a5bfe1bba4a77b45ec488a741b3cb8872e5e499451fd7d0129c9c7c3d"

[[package]]
name = "unicode-ident"
version = "1.0.12"
source = "registry+https://github.com/rust-lang/crates.io-index"
checksum = "3354b9ac3fae1ff6755cb6db53683adb661634f67557942dea4facebec0fee4b"

[[package]]
name = "version_check"
version = "0.9.4"
source = "registry+https://github.com/rust-lang/crates.io-index"
checksum = "49874b5167b65d7193b8aba1567f5c7d93d001cafc34600cee003eda787e483f"

[[package]]
name = "wasm-bindgen"
version = "0.2.87"
source = "registry+https://github.com/rust-lang/crates.io-index"
checksum = "7706a72ab36d8cb1f80ffbf0e071533974a60d0a308d01a5d0375bf60499a342"
dependencies = [
 "cfg-if",
 "wasm-bindgen-macro",
]

[[package]]
name = "wasm-bindgen-backend"
version = "0.2.87"
source = "registry+https://github.com/rust-lang/crates.io-index"
checksum = "5ef2b6d3c510e9625e5fe6f509ab07d66a760f0885d858736483c32ed7809abd"
dependencies = [
 "bumpalo",
 "log",
 "once_cell",
 "proc-macro2",
 "quote",
 "syn 2.0.37",
 "wasm-bindgen-shared",
]

[[package]]
name = "wasm-bindgen-macro"
version = "0.2.87"
source = "registry+https://github.com/rust-lang/crates.io-index"
checksum = "dee495e55982a3bd48105a7b947fd2a9b4a8ae3010041b9e0faab3f9cd028f1d"
dependencies = [
 "quote",
 "wasm-bindgen-macro-support",
]

[[package]]
name = "wasm-bindgen-macro-support"
version = "0.2.87"
source = "registry+https://github.com/rust-lang/crates.io-index"
checksum = "54681b18a46765f095758388f2d0cf16eb8d4169b639ab575a8f5693af210c7b"
dependencies = [
 "proc-macro2",
 "quote",
 "syn 2.0.37",
 "wasm-bindgen-backend",
 "wasm-bindgen-shared",
]

[[package]]
name = "wasm-bindgen-shared"
version = "0.2.87"
source = "registry+https://github.com/rust-lang/crates.io-index"
checksum = "ca6ad05a4870b2bf5fe995117d3728437bd27d7cd5f06f13c17443ef369775a1"

[[package]]
name = "web-sys"
version = "0.3.64"
source = "registry+https://github.com/rust-lang/crates.io-index"
checksum = "9b85cbef8c220a6abc02aefd892dfc0fc23afb1c6a426316ec33253a3877249b"
dependencies = [
 "js-sys",
 "wasm-bindgen",
]

[[package]]
name = "winapi"
version = "0.3.9"
source = "registry+https://github.com/rust-lang/crates.io-index"
checksum = "5c839a674fcd7a98952e593242ea400abe93992746761e38641405d28b00f419"
dependencies = [
 "winapi-i686-pc-windows-gnu",
 "winapi-x86_64-pc-windows-gnu",
]

[[package]]
name = "winapi-i686-pc-windows-gnu"
version = "0.4.0"
source = "registry+https://github.com/rust-lang/crates.io-index"
checksum = "ac3b87c63620426dd9b991e5ce0329eff545bccbbb34f3be09ff6fb6ab51b7b6"

[[package]]
name = "winapi-util"
version = "0.1.6"
source = "registry+https://github.com/rust-lang/crates.io-index"
checksum = "f29e6f9198ba0d26b4c9f07dbe6f9ed633e1f3d5b8b414090084349e46a52596"
dependencies = [
 "winapi",
]

[[package]]
name = "winapi-x86_64-pc-windows-gnu"
version = "0.4.0"
source = "registry+https://github.com/rust-lang/crates.io-index"
checksum = "712e227841d057c1ee1cd2fb22fa7e5a5461ae8e48fa2ca79ec42cfc1931183f"

[[package]]
name = "winnow"
version = "0.5.15"
source = "registry+https://github.com/rust-lang/crates.io-index"
checksum = "7c2e3184b9c4e92ad5167ca73039d0c42476302ab603e2fec4487511f38ccefc"
dependencies = [
 "memchr",
]
