# This file is automatically @generated by Cargo.
# It is not intended for manual editing.
version = 3

[[package]]
name = "memchr"
version = "2.6.3"
source = "registry+https://github.com/rust-lang/crates.io-index"
checksum = "8f232d6ef707e1956a43342693d2a31e72989554d58299d7a88738cc95b0d35c"

[[package]]
name = "micromap"
version = "0.0.14"
source = "registry+https://github.com/rust-lang/crates.io-index"
checksum = "a4d9c5535a41e2d6cd08160f3138351791fe2a6592d2fb51d199724b24187d5b"

[[package]]
name = "rinha"
version = "0.1.0"
dependencies = [
 "micromap",
 "winnow",
]

[[package]]
name = "winnow"
version = "0.5.15"
source = "registry+https://github.com/rust-lang/crates.io-index"
checksum = "7c2e3184b9c4e92ad5167ca73039d0c42476302ab603e2fec4487511f38ccefc"
dependencies = [
 "memchr",
]
